
Microsoft Visual Studio Solution File, Format Version 12.00
# Visual Studio 14
VisualStudioVersion = 14.0.25420.1
MinimumVisualStudioVersion = 10.0.40219.1
Project("{FAE04EC0-301F-11D3-BF4B-00C04F79EFBC}") = "FrayteUploadShipmentSchedular", "FrayteUploadShipmentSchedular\FrayteUploadShipmentSchedular.csproj", "{377C80DD-CB15-4B0C-8E72-3F0F18E6AFF5}"
EndProject
Project("{FAE04EC0-301F-11D3-BF4B-00C04F79EFBC}") = "Frayte.Services", "..\..\Frayte\Frayte.Services\Frayte.Services.csproj", "{4BA4BAC4-11A2-48F1-B85B-715D46F5C3E1}"
EndProject
Project("{FAE04EC0-301F-11D3-BF4B-00C04F79EFBC}") = "Report.Generator", "..\..\Frayte\Report.Generator\Report.Generator.csproj", "{005FA870-DF73-4739-B337-AE73D68EE70A}"
EndProject
Global
	GlobalSection(SolutionConfigurationPlatforms) = preSolution
		Debug|Any CPU = Debug|Any CPU
		Release|Any CPU = Release|Any CPU
	EndGlobalSection
	GlobalSection(ProjectConfigurationPlatforms) = postSolution
		{377C80DD-CB15-4B0C-8E72-3F0F18E6AFF5}.Debug|Any CPU.ActiveCfg = Debug|Any CPU
		{377C80DD-CB15-4B0C-8E72-3F0F18E6AFF5}.Debug|Any CPU.Build.0 = Debug|Any CPU
		{377C80DD-CB15-4B0C-8E72-3F0F18E6AFF5}.Release|Any CPU.ActiveCfg = Release|Any CPU
		{377C80DD-CB15-4B0C-8E72-3F0F18E6AFF5}.Release|Any CPU.Build.0 = Release|Any CPU
		{4BA4BAC4-11A2-48F1-B85B-715D46F5C3E1}.Debug|Any CPU.ActiveCfg = Debug|Any CPU
		{4BA4BAC4-11A2-48F1-B85B-715D46F5C3E1}.Debug|Any CPU.Build.0 = Debug|Any CPU
		{4BA4BAC4-11A2-48F1-B85B-715D46F5C3E1}.Release|Any CPU.ActiveCfg = Release|Any CPU
		{4BA4BAC4-11A2-48F1-B85B-715D46F5C3E1}.Release|Any CPU.Build.0 = Release|Any CPU
		{005FA870-DF73-4739-B337-AE73D68EE70A}.Debug|Any CPU.ActiveCfg = Debug|Any CPU
		{005FA870-DF73-4739-B337-AE73D68EE70A}.Debug|Any CPU.Build.0 = Debug|Any CPU
		{005FA870-DF73-4739-B337-AE73D68EE70A}.Release|Any CPU.ActiveCfg = Release|Any CPU
		{005FA870-DF73-4739-B337-AE73D68EE70A}.Release|Any CPU.Build.0 = Release|Any CPU
	EndGlobalSection
	GlobalSection(SolutionProperties) = preSolution
		HideSolutionNode = FALSE
	EndGlobalSection
EndGlobal
